
Microsoft Visual Studio Solution File, Format Version 12.00
# Visual Studio Version 16
VisualStudioVersion = 16.0.31624.102
MinimumVisualStudioVersion = 10.0.40219.1
Project("{FAE04EC0-301F-11D3-BF4B-00C04F79EFBC}") = "DIExample", "DIExample.csproj", "{B666C25A-3276-4BA6-934F-EA05C68D5084}"
EndProject
Global
	GlobalSection(SolutionConfigurationPlatforms) = preSolution
		Debug|Any CPU = Debug|Any CPU
		Release|Any CPU = Release|Any CPU
	EndGlobalSection
	GlobalSection(ProjectConfigurationPlatforms) = postSolution
		{B666C25A-3276-4BA6-934F-EA05C68D5084}.Debug|Any CPU.ActiveCfg = Debug|Any CPU
		{B666C25A-3276-4BA6-934F-EA05C68D5084}.Debug|Any CPU.Build.0 = Debug|Any CPU
		{B666C25A-3276-4BA6-934F-EA05C68D5084}.Release|Any CPU.ActiveCfg = Release|Any CPU
		{B666C25A-3276-4BA6-934F-EA05C68D5084}.Release|Any CPU.Build.0 = Release|Any CPU
	EndGlobalSection
	GlobalSection(SolutionProperties) = preSolution
		HideSolutionNode = FALSE
	EndGlobalSection
	GlobalSection(ExtensibilityGlobals) = postSolution
		SolutionGuid = {71AAEC2E-F96E-43E9-87C8-78957C8E8C9E}
	EndGlobalSection
EndGlobal
