
Microsoft Visual Studio Solution File, Format Version 12.00
# Visual Studio Version 17
VisualStudioVersion = 17.10.35013.160
MinimumVisualStudioVersion = 10.0.40219.1
Project("{FAE04EC0-301F-11D3-BF4B-00C04F79EFBC}") = "Array_Employee", "Array_Employee\Array_Employee.csproj", "{78082A9E-9554-4199-8245-03FF84CB35A1}"
EndProject
Global
	GlobalSection(SolutionConfigurationPlatforms) = preSolution
		Debug|Any CPU = Debug|Any CPU
		Release|Any CPU = Release|Any CPU
	EndGlobalSection
	GlobalSection(ProjectConfigurationPlatforms) = postSolution
		{78082A9E-9554-4199-8245-03FF84CB35A1}.Debug|Any CPU.ActiveCfg = Debug|Any CPU
		{78082A9E-9554-4199-8245-03FF84CB35A1}.Debug|Any CPU.Build.0 = Debug|Any CPU
		{78082A9E-9554-4199-8245-03FF84CB35A1}.Release|Any CPU.ActiveCfg = Release|Any CPU
		{78082A9E-9554-4199-8245-03FF84CB35A1}.Release|Any CPU.Build.0 = Release|Any CPU
	EndGlobalSection
	GlobalSection(SolutionProperties) = preSolution
		HideSolutionNode = FALSE
	EndGlobalSection
	GlobalSection(ExtensibilityGlobals) = postSolution
		SolutionGuid = {462836A9-86EC-49CF-9DF0-AD493E9D8E08}
	EndGlobalSection
EndGlobal
