
Microsoft Visual Studio Solution File, Format Version 12.00
# Visual Studio Version 17
VisualStudioVersion = 17.10.34928.147
MinimumVisualStudioVersion = 10.0.40219.1
Project("{9A19103F-16F7-4668-BE54-9A1E7A4F7556}") = "FileHandlingWithCore", "FileHandlingWithCore\FileHandlingWithCore.csproj", "{DF9D8BAE-5458-47A2-98EB-F4F192BA9FBD}"
EndProject
Project("{9A19103F-16F7-4668-BE54-9A1E7A4F7556}") = "SerializaztionWithCore", "SerializaztionWithCore\SerializaztionWithCore.csproj", "{9947A3A4-6DA9-4BA5-AC49-60A07C5F6545}"
EndProject
Project("{FAE04EC0-301F-11D3-BF4B-00C04F79EFBC}") = "ReflectionExample", "ReflectionExample\ReflectionExample.csproj", "{F66A6564-F2CA-4446-B849-62F41512BF4B}"
EndProject
Global
	GlobalSection(SolutionConfigurationPlatforms) = preSolution
		Debug|Any CPU = Debug|Any CPU
		Release|Any CPU = Release|Any CPU
	EndGlobalSection
	GlobalSection(ProjectConfigurationPlatforms) = postSolution
		{DF9D8BAE-5458-47A2-98EB-F4F192BA9FBD}.Debug|Any CPU.ActiveCfg = Debug|Any CPU
		{DF9D8BAE-5458-47A2-98EB-F4F192BA9FBD}.Debug|Any CPU.Build.0 = Debug|Any CPU
		{DF9D8BAE-5458-47A2-98EB-F4F192BA9FBD}.Release|Any CPU.ActiveCfg = Release|Any CPU
		{DF9D8BAE-5458-47A2-98EB-F4F192BA9FBD}.Release|Any CPU.Build.0 = Release|Any CPU
		{9947A3A4-6DA9-4BA5-AC49-60A07C5F6545}.Debug|Any CPU.ActiveCfg = Debug|Any CPU
		{9947A3A4-6DA9-4BA5-AC49-60A07C5F6545}.Debug|Any CPU.Build.0 = Debug|Any CPU
		{9947A3A4-6DA9-4BA5-AC49-60A07C5F6545}.Release|Any CPU.ActiveCfg = Release|Any CPU
		{9947A3A4-6DA9-4BA5-AC49-60A07C5F6545}.Release|Any CPU.Build.0 = Release|Any CPU
		{F66A6564-F2CA-4446-B849-62F41512BF4B}.Debug|Any CPU.ActiveCfg = Debug|Any CPU
		{F66A6564-F2CA-4446-B849-62F41512BF4B}.Debug|Any CPU.Build.0 = Debug|Any CPU
		{F66A6564-F2CA-4446-B849-62F41512BF4B}.Release|Any CPU.ActiveCfg = Release|Any CPU
		{F66A6564-F2CA-4446-B849-62F41512BF4B}.Release|Any CPU.Build.0 = Release|Any CPU
	EndGlobalSection
	GlobalSection(SolutionProperties) = preSolution
		HideSolutionNode = FALSE
	EndGlobalSection
	GlobalSection(ExtensibilityGlobals) = postSolution
		SolutionGuid = {96D4D885-10BC-47ED-8166-B918686BD116}
	EndGlobalSection
EndGlobal
