
Microsoft Visual Studio Solution File, Format Version 12.00
# Visual Studio Version 17
VisualStudioVersion = 17.10.35013.160
MinimumVisualStudioVersion = 10.0.40219.1
Project("{FAE04EC0-301F-11D3-BF4B-00C04F79EFBC}") = "Day 1", "Day 1\Day 1.csproj", "{F7F6A487-765E-4A32-AE5B-45F1E1BC6059}"
EndProject
Global
	GlobalSection(SolutionConfigurationPlatforms) = preSolution
		Debug|Any CPU = Debug|Any CPU
		Release|Any CPU = Release|Any CPU
	EndGlobalSection
	GlobalSection(ProjectConfigurationPlatforms) = postSolution
		{F7F6A487-765E-4A32-AE5B-45F1E1BC6059}.Debug|Any CPU.ActiveCfg = Debug|Any CPU
		{F7F6A487-765E-4A32-AE5B-45F1E1BC6059}.Debug|Any CPU.Build.0 = Debug|Any CPU
		{F7F6A487-765E-4A32-AE5B-45F1E1BC6059}.Release|Any CPU.ActiveCfg = Release|Any CPU
		{F7F6A487-765E-4A32-AE5B-45F1E1BC6059}.Release|Any CPU.Build.0 = Release|Any CPU
	EndGlobalSection
	GlobalSection(SolutionProperties) = preSolution
		HideSolutionNode = FALSE
	EndGlobalSection
	GlobalSection(ExtensibilityGlobals) = postSolution
		SolutionGuid = {FF0A8B63-C553-4F69-8CC6-B705AD5372D3}
	EndGlobalSection
EndGlobal
