
Microsoft Visual Studio Solution File, Format Version 12.00
# Visual Studio Version 17
VisualStudioVersion = 17.10.35013.160
MinimumVisualStudioVersion = 10.0.40219.1
Project("{FAE04EC0-301F-11D3-BF4B-00C04F79EFBC}") = "PracticeMVC", "PracticeMVC\PracticeMVC.csproj", "{D02400DB-A99B-43ED-9DC1-3179EA6BEFA7}"
EndProject
Global
	GlobalSection(SolutionConfigurationPlatforms) = preSolution
		Debug|Any CPU = Debug|Any CPU
		Release|Any CPU = Release|Any CPU
	EndGlobalSection
	GlobalSection(ProjectConfigurationPlatforms) = postSolution
		{D02400DB-A99B-43ED-9DC1-3179EA6BEFA7}.Debug|Any CPU.ActiveCfg = Debug|Any CPU
		{D02400DB-A99B-43ED-9DC1-3179EA6BEFA7}.Debug|Any CPU.Build.0 = Debug|Any CPU
		{D02400DB-A99B-43ED-9DC1-3179EA6BEFA7}.Release|Any CPU.ActiveCfg = Release|Any CPU
		{D02400DB-A99B-43ED-9DC1-3179EA6BEFA7}.Release|Any CPU.Build.0 = Release|Any CPU
	EndGlobalSection
	GlobalSection(SolutionProperties) = preSolution
		HideSolutionNode = FALSE
	EndGlobalSection
	GlobalSection(ExtensibilityGlobals) = postSolution
		SolutionGuid = {C5048235-FB6A-4339-87AA-3F5802A6A2AE}
	EndGlobalSection
EndGlobal
