
Microsoft Visual Studio Solution File, Format Version 12.00
# Visual Studio Version 17
VisualStudioVersion = 17.10.34928.147
MinimumVisualStudioVersion = 10.0.40219.1
Project("{FAE04EC0-301F-11D3-BF4B-00C04F79EFBC}") = "ModelBinding", "ModelBinding.csproj", "{058E18A8-7B41-441C-BD70-8BE92A19A30F}"
EndProject
Global
	GlobalSection(SolutionConfigurationPlatforms) = preSolution
		Debug|Any CPU = Debug|Any CPU
		Release|Any CPU = Release|Any CPU
	EndGlobalSection
	GlobalSection(ProjectConfigurationPlatforms) = postSolution
		{058E18A8-7B41-441C-BD70-8BE92A19A30F}.Debug|Any CPU.ActiveCfg = Debug|Any CPU
		{058E18A8-7B41-441C-BD70-8BE92A19A30F}.Debug|Any CPU.Build.0 = Debug|Any CPU
		{058E18A8-7B41-441C-BD70-8BE92A19A30F}.Release|Any CPU.ActiveCfg = Release|Any CPU
		{058E18A8-7B41-441C-BD70-8BE92A19A30F}.Release|Any CPU.Build.0 = Release|Any CPU
	EndGlobalSection
	GlobalSection(SolutionProperties) = preSolution
		HideSolutionNode = FALSE
	EndGlobalSection
	GlobalSection(ExtensibilityGlobals) = postSolution
		SolutionGuid = {DA185EAA-8574-4949-90A1-578BFA86B84F}
	EndGlobalSection
EndGlobal
