
Microsoft Visual Studio Solution File, Format Version 12.00
# Visual Studio Version 17
VisualStudioVersion = 17.10.35013.160
MinimumVisualStudioVersion = 10.0.40219.1
Project("{FAE04EC0-301F-11D3-BF4B-00C04F79EFBC}") = "prac2", "prac2\prac2.csproj", "{24CFAE53-2667-40C7-8DE8-9D9EE1A72E9A}"
EndProject
Global
	GlobalSection(SolutionConfigurationPlatforms) = preSolution
		Debug|Any CPU = Debug|Any CPU
		Release|Any CPU = Release|Any CPU
	EndGlobalSection
	GlobalSection(ProjectConfigurationPlatforms) = postSolution
		{24CFAE53-2667-40C7-8DE8-9D9EE1A72E9A}.Debug|Any CPU.ActiveCfg = Debug|Any CPU
		{24CFAE53-2667-40C7-8DE8-9D9EE1A72E9A}.Debug|Any CPU.Build.0 = Debug|Any CPU
		{24CFAE53-2667-40C7-8DE8-9D9EE1A72E9A}.Release|Any CPU.ActiveCfg = Release|Any CPU
		{24CFAE53-2667-40C7-8DE8-9D9EE1A72E9A}.Release|Any CPU.Build.0 = Release|Any CPU
	EndGlobalSection
	GlobalSection(SolutionProperties) = preSolution
		HideSolutionNode = FALSE
	EndGlobalSection
	GlobalSection(ExtensibilityGlobals) = postSolution
		SolutionGuid = {7F3D1714-F51A-4882-9AF8-44BB5BBE2B6B}
	EndGlobalSection
EndGlobal
